
Microsoft Visual Studio Solution File, Format Version 12.00
# Visual Studio 15
VisualStudioVersion = 15.0.26430.6
MinimumVisualStudioVersion = 10.0.40219.1
Project("{FAE04EC0-301F-11D3-BF4B-00C04F79EFBC}") = "win-iap-ymodem", "win-iap-ymodem\win-iap-ymodem.csproj", "{04C7B13D-0399-4722-BEB7-DD6A6D3E2DED}"
EndProject
Global
	GlobalSection(SolutionConfigurationPlatforms) = preSolution
		Debug|Any CPU = Debug|Any CPU
		Release|Any CPU = Release|Any CPU
	EndGlobalSection
	GlobalSection(ProjectConfigurationPlatforms) = postSolution
		{04C7B13D-0399-4722-BEB7-DD6A6D3E2DED}.Debug|Any CPU.ActiveCfg = Debug|Any CPU
		{04C7B13D-0399-4722-BEB7-DD6A6D3E2DED}.Debug|Any CPU.Build.0 = Debug|Any CPU
		{04C7B13D-0399-4722-BEB7-DD6A6D3E2DED}.Release|Any CPU.ActiveCfg = Release|Any CPU
		{04C7B13D-0399-4722-BEB7-DD6A6D3E2DED}.Release|Any CPU.Build.0 = Release|Any CPU
	EndGlobalSection
	GlobalSection(SolutionProperties) = preSolution
		HideSolutionNode = FALSE
	EndGlobalSection
EndGlobal
